
Microsoft Visual Studio Solution File, Format Version 12.00
# Visual Studio Version 16
VisualStudioVersion = 16.0.29613.14
MinimumVisualStudioVersion = 10.0.40219.1
Project("{FAE04EC0-301F-11D3-BF4B-00C04F79EFBC}") = "payroll", "payroll.csproj", "{D190487C-304F-4A74-9513-3E14C94167FC}"
EndProject
Global
	GlobalSection(SolutionConfigurationPlatforms) = preSolution
		Debug|Any CPU = Debug|Any CPU
		Release|Any CPU = Release|Any CPU
	EndGlobalSection
	GlobalSection(ProjectConfigurationPlatforms) = postSolution
		{D190487C-304F-4A74-9513-3E14C94167FC}.Debug|Any CPU.ActiveCfg = Debug|Any CPU
		{D190487C-304F-4A74-9513-3E14C94167FC}.Debug|Any CPU.Build.0 = Debug|Any CPU
		{D190487C-304F-4A74-9513-3E14C94167FC}.Release|Any CPU.ActiveCfg = Release|Any CPU
		{D190487C-304F-4A74-9513-3E14C94167FC}.Release|Any CPU.Build.0 = Release|Any CPU
	EndGlobalSection
	GlobalSection(SolutionProperties) = preSolution
		HideSolutionNode = FALSE
	EndGlobalSection
	GlobalSection(ExtensibilityGlobals) = postSolution
		SolutionGuid = {AE6421DE-D577-42FA-B844-14D788BD9861}
	EndGlobalSection
EndGlobal
